
Microsoft Visual Studio Solution File, Format Version 12.00
# Visual Studio Version 17
VisualStudioVersion = 17.11.35303.130
MinimumVisualStudioVersion = 10.0.40219.1
Project("{FAE04EC0-301F-11D3-BF4B-00C04F79EFBC}") = "DataAccess", "DataAccess\DataAccess.csproj", "{68878867-81DD-4952-9BF1-530DFDC1D4E5}"
EndProject
Project("{FAE04EC0-301F-11D3-BF4B-00C04F79EFBC}") = "Business", "Business\Business.csproj", "{C0077C8F-2F84-40E6-9B62-E46678CB5045}"
EndProject
Project("{FAE04EC0-301F-11D3-BF4B-00C04F79EFBC}") = "Entities", "Entities\Entities.csproj", "{CC40D264-465B-4ADD-A641-ED18C0A29B62}"
EndProject
Project("{FAE04EC0-301F-11D3-BF4B-00C04F79EFBC}") = "ConsoleUPPPP", "ConsoleUPPPP\ConsoleUPPPP.csproj", "{DF20D474-D41E-41D3-A977-BD4586674B89}"
EndProject
Global
	GlobalSection(SolutionConfigurationPlatforms) = preSolution
		Debug|Any CPU = Debug|Any CPU
		Release|Any CPU = Release|Any CPU
	EndGlobalSection
	GlobalSection(ProjectConfigurationPlatforms) = postSolution
		{68878867-81DD-4952-9BF1-530DFDC1D4E5}.Debug|Any CPU.ActiveCfg = Debug|Any CPU
		{68878867-81DD-4952-9BF1-530DFDC1D4E5}.Debug|Any CPU.Build.0 = Debug|Any CPU
		{68878867-81DD-4952-9BF1-530DFDC1D4E5}.Release|Any CPU.ActiveCfg = Release|Any CPU
		{68878867-81DD-4952-9BF1-530DFDC1D4E5}.Release|Any CPU.Build.0 = Release|Any CPU
		{C0077C8F-2F84-40E6-9B62-E46678CB5045}.Debug|Any CPU.ActiveCfg = Debug|Any CPU
		{C0077C8F-2F84-40E6-9B62-E46678CB5045}.Debug|Any CPU.Build.0 = Debug|Any CPU
		{C0077C8F-2F84-40E6-9B62-E46678CB5045}.Release|Any CPU.ActiveCfg = Release|Any CPU
		{C0077C8F-2F84-40E6-9B62-E46678CB5045}.Release|Any CPU.Build.0 = Release|Any CPU
		{CC40D264-465B-4ADD-A641-ED18C0A29B62}.Debug|Any CPU.ActiveCfg = Debug|Any CPU
		{CC40D264-465B-4ADD-A641-ED18C0A29B62}.Debug|Any CPU.Build.0 = Debug|Any CPU
		{CC40D264-465B-4ADD-A641-ED18C0A29B62}.Release|Any CPU.ActiveCfg = Release|Any CPU
		{CC40D264-465B-4ADD-A641-ED18C0A29B62}.Release|Any CPU.Build.0 = Release|Any CPU
		{DF20D474-D41E-41D3-A977-BD4586674B89}.Debug|Any CPU.ActiveCfg = Debug|Any CPU
		{DF20D474-D41E-41D3-A977-BD4586674B89}.Debug|Any CPU.Build.0 = Debug|Any CPU
		{DF20D474-D41E-41D3-A977-BD4586674B89}.Release|Any CPU.ActiveCfg = Release|Any CPU
		{DF20D474-D41E-41D3-A977-BD4586674B89}.Release|Any CPU.Build.0 = Release|Any CPU
	EndGlobalSection
	GlobalSection(SolutionProperties) = preSolution
		HideSolutionNode = FALSE
	EndGlobalSection
	GlobalSection(ExtensibilityGlobals) = postSolution
		SolutionGuid = {1B4F4E52-310B-4455-B528-9CFEA38A311D}
	EndGlobalSection
EndGlobal
